
Microsoft Visual Studio Solution File, Format Version 12.00
# Visual Studio Version 17
VisualStudioVersion = 17.2.32526.322
MinimumVisualStudioVersion = 10.0.40219.1
Project("{9A19103F-16F7-4668-BE54-9A1E7A4F7556}") = "ml.net-classificacao-de-imagem-train", "ml.net-classificacao-de-imagem\ml.net-classificacao-de-imagem-train.csproj", "{0297E29D-B2F4-48C9-8B3D-16D30225F57B}"
EndProject
Project("{9A19103F-16F7-4668-BE54-9A1E7A4F7556}") = "demo-consoleapp-analise-imagem", "Identificar_codigo_barras_ConsoleApp1\demo-consoleapp-analise-imagem.csproj", "{589C8319-27E0-4D21-A4F0-17E3B8EE9EBD}"
EndProject
Project("{9A19103F-16F7-4668-BE54-9A1E7A4F7556}") = "Api-analise-imagem", "Identificar_codigo_barras_WebApi1\Api-analise-imagem.csproj", "{0811F021-1B96-4EFB-9A8F-9C5DBBF52758}"
EndProject
Project("{2150E333-8FDC-42A3-9474-1A3956D46DE8}") = "Web", "Web", "{DD166E1A-6790-4B99-AAFB-88F305CE846E}"
EndProject
Project("{2150E333-8FDC-42A3-9474-1A3956D46DE8}") = "Training", "Training", "{E4C931D6-BC6C-470C-9511-0366AF7D6A54}"
EndProject
Global
	GlobalSection(SolutionConfigurationPlatforms) = preSolution
		Debug|Any CPU = Debug|Any CPU
		Release|Any CPU = Release|Any CPU
	EndGlobalSection
	GlobalSection(ProjectConfigurationPlatforms) = postSolution
		{0297E29D-B2F4-48C9-8B3D-16D30225F57B}.Debug|Any CPU.ActiveCfg = Debug|Any CPU
		{0297E29D-B2F4-48C9-8B3D-16D30225F57B}.Debug|Any CPU.Build.0 = Debug|Any CPU
		{0297E29D-B2F4-48C9-8B3D-16D30225F57B}.Release|Any CPU.ActiveCfg = Release|Any CPU
		{0297E29D-B2F4-48C9-8B3D-16D30225F57B}.Release|Any CPU.Build.0 = Release|Any CPU
		{589C8319-27E0-4D21-A4F0-17E3B8EE9EBD}.Debug|Any CPU.ActiveCfg = Debug|Any CPU
		{589C8319-27E0-4D21-A4F0-17E3B8EE9EBD}.Debug|Any CPU.Build.0 = Debug|Any CPU
		{589C8319-27E0-4D21-A4F0-17E3B8EE9EBD}.Release|Any CPU.ActiveCfg = Release|Any CPU
		{589C8319-27E0-4D21-A4F0-17E3B8EE9EBD}.Release|Any CPU.Build.0 = Release|Any CPU
		{0811F021-1B96-4EFB-9A8F-9C5DBBF52758}.Debug|Any CPU.ActiveCfg = Debug|Any CPU
		{0811F021-1B96-4EFB-9A8F-9C5DBBF52758}.Debug|Any CPU.Build.0 = Debug|Any CPU
		{0811F021-1B96-4EFB-9A8F-9C5DBBF52758}.Release|Any CPU.ActiveCfg = Release|Any CPU
		{0811F021-1B96-4EFB-9A8F-9C5DBBF52758}.Release|Any CPU.Build.0 = Release|Any CPU
	EndGlobalSection
	GlobalSection(SolutionProperties) = preSolution
		HideSolutionNode = FALSE
	EndGlobalSection
	GlobalSection(NestedProjects) = preSolution
		{0297E29D-B2F4-48C9-8B3D-16D30225F57B} = {E4C931D6-BC6C-470C-9511-0366AF7D6A54}
		{589C8319-27E0-4D21-A4F0-17E3B8EE9EBD} = {E4C931D6-BC6C-470C-9511-0366AF7D6A54}
		{0811F021-1B96-4EFB-9A8F-9C5DBBF52758} = {DD166E1A-6790-4B99-AAFB-88F305CE846E}
	EndGlobalSection
	GlobalSection(ExtensibilityGlobals) = postSolution
		SolutionGuid = {64DA3EC0-9E6E-411C-8D33-BDFC096866BD}
	EndGlobalSection
EndGlobal
